// !$*UTF8*$!
{
	archiveVersion = 1;
	classes = {
	};
	objectVersion = 48;
	objects = {

/* Begin PBXBuildFile section */
		A21573FF1F8CE41A004A24AD /* AppDelegate.swift in Sources */ = {isa = PBXBuildFile; fileRef = A21573FE1F8CE41A004A24AD /* AppDelegate.swift */; };
		A21574011F8CE41B004A24AD /* ViewController.swift in Sources */ = {isa = PBXBuildFile; fileRef = A21574001F8CE41B004A24AD /* ViewController.swift */; };
		A21574041F8CE41B004A24AD /* Main.storyboard in Resources */ = {isa = PBXBuildFile; fileRef = A21574021F8CE41B004A24AD /* Main.storyboard */; };
		A21574061F8CE41B004A24AD /* Assets.xcassets in Resources */ = {isa = PBXBuildFile; fileRef = A21574051F8CE41B004A24AD /* Assets.xcassets */; };
		A21574091F8CE41B004A24AD /* LaunchScreen.storyboard in Resources */ = {isa = PBXBuildFile; fileRef = A21574071F8CE41B004A24AD /* LaunchScreen.storyboard */; };
		A21574141F8CE41B004A24AD /* CalculatorTests.swift in Sources */ = {isa = PBXBuildFile; fileRef = A21574131F8CE41B004A24AD /* CalculatorTests.swift */; };
		A215741F1F8CE41B004A24AD /* CalculatorUITests.swift in Sources */ = {isa = PBXBuildFile; fileRef = A215741E1F8CE41B004A24AD /* CalculatorUITests.swift */; };
/* End PBXBuildFile section */

/* Begin PBXContainerItemProxy section */
		A21574101F8CE41B004A24AD /* PBXContainerItemProxy */ = {
			isa = PBXContainerItemProxy;
			containerPortal = A21573F31F8CE41A004A24AD /* Project object */;
			proxyType = 1;
			remoteGlobalIDString = A21573FA1F8CE41A004A24AD;
			remoteInfo = Calculator;
		};
		A215741B1F8CE41B004A24AD /* PBXContainerItemProxy */ = {
			isa = PBXContainerItemProxy;
			containerPortal = A21573F31F8CE41A004A24AD /* Project object */;
			proxyType = 1;
			remoteGlobalIDString = A21573FA1F8CE41A004A24AD;
			remoteInfo = Calculator;
		};
/* End PBXContainerItemProxy section */

/* Begin PBXFileReference section */
		A21573FB1F8CE41A004A24AD /* Calculator.app */ = {isa = PBXFileReference; explicitFileType = wrapper.application; includeInIndex = 0; path = Calculator.app; sourceTree = BUILT_PRODUCTS_DIR; };
		A21573FE1F8CE41A004A24AD /* AppDelegate.swift */ = {isa = PBXFileReference; lastKnownFileType = sourcecode.swift; path = AppDelegate.swift; sourceTree = "<group>"; };
		A21574001F8CE41B004A24AD /* ViewController.swift */ = {isa = PBXFileReference; lastKnownFileType = sourcecode.swift; path = ViewController.swift; sourceTree = "<group>"; };
		A21574031F8CE41B004A24AD /* Base */ = {isa = PBXFileReference; lastKnownFileType = file.storyboard; name = Base; path = Base.lproj/Main.storyboard; sourceTree = "<group>"; };
		A21574051F8CE41B004A24AD /* Assets.xcassets */ = {isa = PBXFileReference; lastKnownFileType = folder.assetcatalog; path = Assets.xcassets; sourceTree = "<group>"; };
		A21574081F8CE41B004A24AD /* Base */ = {isa = PBXFileReference; lastKnownFileType = file.storyboard; name = Base; path = Base.lproj/LaunchScreen.storyboard; sourceTree = "<group>"; };
		A215740A1F8CE41B004A24AD /* Info.plist */ = {isa = PBXFileReference; lastKnownFileType = text.plist.xml; path = Info.plist; sourceTree = "<group>"; };
		A215740F1F8CE41B004A24AD /* CalculatorTests.xctest */ = {isa = PBXFileReference; explicitFileType = wrapper.cfbundle; includeInIndex = 0; path = CalculatorTests.xctest; sourceTree = BUILT_PRODUCTS_DIR; };
		A21574131F8CE41B004A24AD /* CalculatorTests.swift */ = {isa = PBXFileReference; lastKnownFileType = sourcecode.swift; path = CalculatorTests.swift; sourceTree = "<group>"; };
		A21574151F8CE41B004A24AD /* Info.plist */ = {isa = PBXFileReference; lastKnownFileType = text.plist.xml; path = Info.plist; sourceTree = "<group>"; };
		A215741A1F8CE41B004A24AD /* CalculatorUITests.xctest */ = {isa = PBXFileReference; explicitFileType = wrapper.cfbundle; includeInIndex = 0; path = CalculatorUITests.xctest; sourceTree = BUILT_PRODUCTS_DIR; };
		A215741E1F8CE41B004A24AD /* CalculatorUITests.swift */ = {isa = PBXFileReference; lastKnownFileType = sourcecode.swift; path = CalculatorUITests.swift; sourceTree = "<group>"; };
		A21574201F8CE41B004A24AD /* Info.plist */ = {isa = PBXFileReference; lastKnownFileType = text.plist.xml; path = Info.plist; sourceTree = "<group>"; };
/* End PBXFileReference section */

/* Begin PBXFrameworksBuildPhase section */
		A21573F81F8CE41A004A24AD /* Frameworks */ = {
			isa = PBXFrameworksBuildPhase;
			buildActionMask = 2147483647;
			files = (
			);
			runOnlyForDeploymentPostprocessing = 0;
		};
		A215740C1F8CE41B004A24AD /* Frameworks */ = {
			isa = PBXFrameworksBuildPhase;
			buildActionMask = 2147483647;
			files = (
			);
			runOnlyForDeploymentPostprocessing = 0;
		};
		A21574171F8CE41B004A24AD /* Frameworks */ = {
			isa = PBXFrameworksBuildPhase;
			buildActionMask = 2147483647;
			files = (
			);
			runOnlyForDeploymentPostprocessing = 0;
		};
/* End PBXFrameworksBuildPhase section */

/* Begin PBXGroup section */
		A21573F21F8CE41A004A24AD = {
			isa = PBXGroup;
			children = (
				A21573FD1F8CE41A004A24AD /* Calculator */,
				A21574121F8CE41B004A24AD /* CalculatorTests */,
				A215741D1F8CE41B004A24AD /* CalculatorUITests */,
				A21573FC1F8CE41A004A24AD /* Products */,
			);
			sourceTree = "<group>";
		};
		A21573FC1F8CE41A004A24AD /* Products */ = {
			isa = PBXGroup;
			children = (
				A21573FB1F8CE41A004A24AD /* Calculator.app */,
				A215740F1F8CE41B004A24AD /* CalculatorTests.xctest */,
				A215741A1F8CE41B004A24AD /* CalculatorUITests.xctest */,
			);
			name = Products;
			sourceTree = "<group>";
		};
		A21573FD1F8CE41A004A24AD /* Calculator */ = {
			isa = PBXGroup;
			children = (
				A21573FE1F8CE41A004A24AD /* AppDelegate.swift */,
				A21574001F8CE41B004A24AD /* ViewController.swift */,
				A21574021F8CE41B004A24AD /* Main.storyboard */,
				A21574051F8CE41B004A24AD /* Assets.xcassets */,
				A21574071F8CE41B004A24AD /* LaunchScreen.storyboard */,
				A215740A1F8CE41B004A24AD /* Info.plist */,
			);
			path = Calculator;
			sourceTree = "<group>";
		};
		A21574121F8CE41B004A24AD /* CalculatorTests */ = {
			isa = PBXGroup;
			children = (
				A21574131F8CE41B004A24AD /* CalculatorTests.swift */,
				A21574151F8CE41B004A24AD /* Info.plist */,
			);
			path = CalculatorTests;
			sourceTree = "<group>";
		};
		A215741D1F8CE41B004A24AD /* CalculatorUITests */ = {
			isa = PBXGroup;
			children = (
				A215741E1F8CE41B004A24AD /* CalculatorUITests.swift */,
				A21574201F8CE41B004A24AD /* Info.plist */,
			);
			path = CalculatorUITests;
			sourceTree = "<group>";
		};
/* End PBXGroup section */

/* Begin PBXNativeTarget section */
		A21573FA1F8CE41A004A24AD /* Calculator */ = {
			isa = PBXNativeTarget;
			buildConfigurationList = A21574231F8CE41B004A24AD /* Build configuration list for PBXNativeTarget "Calculator" */;
			buildPhases = (
				A21573F71F8CE41A004A24AD /* Sources */,
				A21573F81F8CE41A004A24AD /* Frameworks */,
				A21573F91F8CE41A004A24AD /* Resources */,
			);
			buildRules = (
			);
			dependencies = (
			);
			name = Calculator;
			productName = Calculator;
			productReference = A21573FB1F8CE41A004A24AD /* Calculator.app */;
			productType = "com.apple.product-type.application";
		};
		A215740E1F8CE41B004A24AD /* CalculatorTests */ = {
			isa = PBXNativeTarget;
			buildConfigurationList = A21574261F8CE41B004A24AD /* Build configuration list for PBXNativeTarget "CalculatorTests" */;
			buildPhases = (
				A215740B1F8CE41B004A24AD /* Sources */,
				A215740C1F8CE41B004A24AD /* Frameworks */,
				A215740D1F8CE41B004A24AD /* Resources */,
			);
			buildRules = (
			);
			dependencies = (
				A21574111F8CE41B004A24AD /* PBXTargetDependency */,
			);
			name = CalculatorTests;
			productName = CalculatorTests;
			productReference = A215740F1F8CE41B004A24AD /* CalculatorTests.xctest */;
			productType = "com.apple.product-type.bundle.unit-test";
		};
		A21574191F8CE41B004A24AD /* CalculatorUITests */ = {
			isa = PBXNativeTarget;
			buildConfigurationList = A21574291F8CE41B004A24AD /* Build configuration list for PBXNativeTarget "CalculatorUITests" */;
			buildPhases = (
				A21574161F8CE41B004A24AD /* Sources */,
				A21574171F8CE41B004A24AD /* Frameworks */,
				A21574181F8CE41B004A24AD /* Resources */,
			);
			buildRules = (
			);
			dependencies = (
				A215741C1F8CE41B004A24AD /* PBXTargetDependency */,
			);
			name = CalculatorUITests;
			productName = CalculatorUITests;
			productReference = A215741A1F8CE41B004A24AD /* CalculatorUITests.xctest */;
			productType = "com.apple.product-type.bundle.ui-testing";
		};
/* End PBXNativeTarget section */

/* Begin PBXProject section */
		A21573F31F8CE41A004A24AD /* Project object */ = {
			isa = PBXProject;
			attributes = {
				LastSwiftUpdateCheck = 0900;
				LastUpgradeCheck = 0900;
				ORGANIZATIONNAME = "Ilya Mudriy";
				TargetAttributes = {
					A21573FA1F8CE41A004A24AD = {
						CreatedOnToolsVersion = 9.0;
						ProvisioningStyle = Automatic;
					};
					A215740E1F8CE41B004A24AD = {
						CreatedOnToolsVersion = 9.0;
						ProvisioningStyle = Automatic;
						TestTargetID = A21573FA1F8CE41A004A24AD;
					};
					A21574191F8CE41B004A24AD = {
						CreatedOnToolsVersion = 9.0;
						ProvisioningStyle = Automatic;
						TestTargetID = A21573FA1F8CE41A004A24AD;
					};
				};
			};
			buildConfigurationList = A21573F61F8CE41A004A24AD /* Build configuration list for PBXProject "Calculator" */;
			compatibilityVersion = "Xcode 8.0";
			developmentRegion = en;
			hasScannedForEncodings = 0;
			knownRegions = (
				en,
				Base,
			);
			mainGroup = A21573F21F8CE41A004A24AD;
			productRefGroup = A21573FC1F8CE41A004A24AD /* Products */;
			projectDirPath = "";
			projectRoot = "";
			targets = (
				A21573FA1F8CE41A004A24AD /* Calculator */,
				A215740E1F8CE41B004A24AD /* CalculatorTests */,
				A21574191F8CE41B004A24AD /* CalculatorUITests */,
			);
		};
/* End PBXProject section */

/* Begin PBXResourcesBuildPhase section */
		A21573F91F8CE41A004A24AD /* Resources */ = {
			isa = PBXResourcesBuildPhase;
			buildActionMask = 2147483647;
			files = (
				A21574091F8CE41B004A24AD /* LaunchScreen.storyboard in Resources */,
				A21574061F8CE41B004A24AD /* Assets.xcassets in Resources */,
				A21574041F8CE41B004A24AD /* Main.storyboard in Resources */,
			);
			runOnlyForDeploymentPostprocessing = 0;
		};
		A215740D1F8CE41B004A24AD /* Resources */ = {
			isa = PBXResourcesBuildPhase;
			buildActionMask = 2147483647;
			files = (
			);
			runOnlyForDeploymentPostprocessing = 0;
		};
		A21574181F8CE41B004A24AD /* Resources */ = {
			isa = PBXResourcesBuildPhase;
			buildActionMask = 2147483647;
			files = (
			);
			runOnlyForDeploymentPostprocessing = 0;
		};
/* End PBXResourcesBuildPhase section */

/* Begin PBXSourcesBuildPhase section */
		A21573F71F8CE41A004A24AD /* Sources */ = {
			isa = PBXSourcesBuildPhase;
			buildActionMask = 2147483647;
			files = (
				A21574011F8CE41B004A24AD /* ViewController.swift in Sources */,
				A21573FF1F8CE41A004A24AD /* AppDelegate.swift in Sources */,
			);
			runOnlyForDeploymentPostprocessing = 0;
		};
		A215740B1F8CE41B004A24AD /* Sources */ = {
			isa = PBXSourcesBuildPhase;
			buildActionMask = 2147483647;
			files = (
				A21574141F8CE41B004A24AD /* CalculatorTests.swift in Sources */,
			);
			runOnlyForDeploymentPostprocessing = 0;
		};
		A21574161F8CE41B004A24AD /* Sources */ = {
			isa = PBXSourcesBuildPhase;
			buildActionMask = 2147483647;
			files = (
				A215741F1F8CE41B004A24AD /* CalculatorUITests.swift in Sources */,
			);
			runOnlyForDeploymentPostprocessing = 0;
		};
/* End PBXSourcesBuildPhase section */

/* Begin PBXTargetDependency section */
		A21574111F8CE41B004A24AD /* PBXTargetDependency */ = {
			isa = PBXTargetDependency;
			target = A21573FA1F8CE41A004A24AD /* Calculator */;
			targetProxy = A21574101F8CE41B004A24AD /* PBXContainerItemProxy */;
		};
		A215741C1F8CE41B004A24AD /* PBXTargetDependency */ = {
			isa = PBXTargetDependency;
			target = A21573FA1F8CE41A004A24AD /* Calculator */;
			targetProxy = A215741B1F8CE41B004A24AD /* PBXContainerItemProxy */;
		};
/* End PBXTargetDependency section */

/* Begin PBXVariantGroup section */
		A21574021F8CE41B004A24AD /* Main.storyboard */ = {
			isa = PBXVariantGroup;
			children = (
				A21574031F8CE41B004A24AD /* Base */,
			);
			name = Main.storyboard;
			sourceTree = "<group>";
		};
		A21574071F8CE41B004A24AD /* LaunchScreen.storyboard */ = {
			isa = PBXVariantGroup;
			children = (
				A21574081F8CE41B004A24AD /* Base */,
			);
			name = LaunchScreen.storyboard;
			sourceTree = "<group>";
		};
/* End PBXVariantGroup section */

/* Begin XCBuildConfiguration section */
		A21574211F8CE41B004A24AD /* Debug */ = {
			isa = XCBuildConfiguration;
			buildSettings = {
				ALWAYS_SEARCH_USER_PATHS = NO;
				CLANG_ANALYZER_NONNULL = YES;
				CLANG_ANALYZER_NUMBER_OBJECT_CONVERSION = YES_AGGRESSIVE;
				CLANG_CXX_LANGUAGE_STANDARD = "gnu++14";
				CLANG_CXX_LIBRARY = "libc++";
				CLANG_ENABLE_MODULES = YES;
				CLANG_ENABLE_OBJC_ARC = YES;
				CLANG_WARN_BLOCK_CAPTURE_AUTORELEASING = YES;
				CLANG_WARN_BOOL_CONVERSION = YES;
				CLANG_WARN_COMMA = YES;
				CLANG_WARN_CONSTANT_CONVERSION = YES;
				CLANG_WARN_DIRECT_OBJC_ISA_USAGE = YES_ERROR;
				CLANG_WARN_DOCUMENTATION_COMMENTS = YES;
				CLANG_WARN_EMPTY_BODY = YES;
				CLANG_WARN_ENUM_CONVERSION = YES;
				CLANG_WARN_INFINITE_RECURSION = YES;
				CLANG_WARN_INT_CONVERSION = YES;
				CLANG_WARN_NON_LITERAL_NULL_CONVERSION = YES;
				CLANG_WARN_OBJC_LITERAL_CONVERSION = YES;
				CLANG_WARN_OBJC_ROOT_CLASS = YES_ERROR;
				CLANG_WARN_RANGE_LOOP_ANALYSIS = YES;
				CLANG_WARN_STRICT_PROTOTYPES = YES;
				CLANG_WARN_SUSPICIOUS_MOVE = YES;
				CLANG_WARN_UNGUARDED_AVAILABILITY = YES_AGGRESSIVE;
				CLANG_WARN_UNREACHABLE_CODE = YES;
				CLANG_WARN__DUPLICATE_METHOD_MATCH = YES;
				CODE_SIGN_IDENTITY = "iPhone Developer";
				COPY_PHASE_STRIP = NO;
				DEBUG_INFORMATION_FORMAT = dwarf;
				ENABLE_STRICT_OBJC_MSGSEND = YES;
				ENABLE_TESTABILITY = YES;
				GCC_C_LANGUAGE_STANDARD = gnu11;
				GCC_DYNAMIC_NO_PIC = NO;
				GCC_NO_COMMON_BLOCKS = YES;
				GCC_OPTIMIZATION_LEVEL = 0;
				GCC_PREPROCESSOR_DEFINITIONS = (
					"DEBUG=1",
					"$(inherited)",
				);
				GCC_WARN_64_TO_32_BIT_CONVERSION = YES;
				GCC_WARN_ABOUT_RETURN_TYPE = YES_ERROR;
				GCC_WARN_UNDECLARED_SELECTOR = YES;
				GCC_WARN_UNINITIALIZED_AUTOS = YES_AGGRESSIVE;
				GCC_WARN_UNUSED_FUNCTION = YES;
				GCC_WARN_UNUSED_VARIABLE = YES;
				IPHONEOS_DEPLOYMENT_TARGET = 11.0;
				MTL_ENABLE_DEBUG_INFO = YES;
				ONLY_ACTIVE_ARCH = YES;
				SDKROOT = iphoneos;
				SWIFT_ACTIVE_COMPILATION_CONDITIONS = DEBUG;
				SWIFT_OPTIMIZATION_LEVEL = "-Onone";
			};
			name = Debug;
		};
		A21574221F8CE41B004A24AD /* Release */ = {
			isa = XCBuildConfiguration;
			buildSettings = {
				ALWAYS_SEARCH_USER_PATHS = NO;
				CLANG_ANALYZER_NONNULL = YES;
				CLANG_ANALYZER_NUMBER_OBJECT_CONVERSION = YES_AGGRESSIVE;
				CLANG_CXX_LANGUAGE_STANDARD = "gnu++14";
				CLANG_CXX_LIBRARY = "libc++";
				CLANG_ENABLE_MODULES = YES;
				CLANG_ENABLE_OBJC_ARC = YES;
				CLANG_WARN_BLOCK_CAPTURE_AUTORELEASING = YES;
				CLANG_WARN_BOOL_CONVERSION = YES;
				CLANG_WARN_COMMA = YES;
				CLANG_WARN_CONSTANT_CONVERSION = YES;
				CLANG_WARN_DIRECT_OBJC_ISA_USAGE = YES_ERROR;
				CLANG_WARN_DOCUMENTATION_COMMENTS = YES;
				CLANG_WARN_EMPTY_BODY = YES;
				CLANG_WARN_ENUM_CONVERSION = YES;
				CLANG_WARN_INFINITE_RECURSION = YES;
				CLANG_WARN_INT_CONVERSION = YES;
				CLANG_WARN_NON_LITERAL_NULL_CONVERSION = YES;
				CLANG_WARN_OBJC_LITERAL_CONVERSION = YES;
				CLANG_WARN_OBJC_ROOT_CLASS = YES_ERROR;
				CLANG_WARN_RANGE_LOOP_ANALYSIS = YES;
				CLANG_WARN_STRICT_PROTOTYPES = YES;
				CLANG_WARN_SUSPICIOUS_MOVE = YES;
				CLANG_WARN_UNGUARDED_AVAILABILITY = YES_AGGRESSIVE;
				CLANG_WARN_UNREACHABLE_CODE = YES;
				CLANG_WARN__DUPLICATE_METHOD_MATCH = YES;
				CODE_SIGN_IDENTITY = "iPhone Developer";
				COPY_PHASE_STRIP = NO;
				DEBUG_INFORMATION_FORMAT = "dwarf-with-dsym";
				ENABLE_NS_ASSERTIONS = NO;
				ENABLE_STRICT_OBJC_MSGSEND = YES;
				GCC_C_LANGUAGE_STANDARD = gnu11;
				GCC_NO_COMMON_BLOCKS = YES;
				GCC_WARN_64_TO_32_BIT_CONVERSION = YES;
				GCC_WARN_ABOUT_RETURN_TYPE = YES_ERROR;
				GCC_WARN_UNDECLARED_SELECTOR = YES;
				GCC_WARN_UNINITIALIZED_AUTOS = YES_AGGRESSIVE;
				GCC_WARN_UNUSED_FUNCTION = YES;
				GCC_WARN_UNUSED_VARIABLE = YES;
				IPHONEOS_DEPLOYMENT_TARGET = 11.0;
				MTL_ENABLE_DEBUG_INFO = NO;
				SDKROOT = iphoneos;
				SWIFT_OPTIMIZATION_LEVEL = "-Owholemodule";
				VALIDATE_PRODUCT = YES;
			};
			name = Release;
		};
		A21574241F8CE41B004A24AD /* Debug */ = {
			isa = XCBuildConfiguration;
			buildSettings = {
				ASSETCATALOG_COMPILER_APPICON_NAME = AppIcon;
				CODE_SIGN_STYLE = Automatic;
				DEVELOPMENT_TEAM = GQ92PTQY7M;
				INFOPLIST_FILE = Calculator/Info.plist;
				LD_RUNPATH_SEARCH_PATHS = "$(inherited) @executable_path/Frameworks";
				PRODUCT_BUNDLE_IDENTIFIER = com.mudriyilya.Calculator;
				PRODUCT_NAME = "$(TARGET_NAME)";
				SWIFT_VERSION = 4.0;
				TARGETED_DEVICE_FAMILY = 1;
			};
			name = Debug;
		};
		A21574251F8CE41B004A24AD /* Release */ = {
			isa = XCBuildConfiguration;
			buildSettings = {
				ASSETCATALOG_COMPILER_APPICON_NAME = AppIcon;
				CODE_SIGN_STYLE = Automatic;
				DEVELOPMENT_TEAM = GQ92PTQY7M;
				INFOPLIST_FILE = Calculator/Info.plist;
				LD_RUNPATH_SEARCH_PATHS = "$(inherited) @executable_path/Frameworks";
				PRODUCT_BUNDLE_IDENTIFIER = com.mudriyilya.Calculator;
				PRODUCT_NAME = "$(TARGET_NAME)";
				SWIFT_VERSION = 4.0;
				TARGETED_DEVICE_FAMILY = 1;
			};
			name = Release;
		};
		A21574271F8CE41B004A24AD /* Debug */ = {
			isa = XCBuildConfiguration;
			buildSettings = {
				ALWAYS_EMBED_SWIFT_STANDARD_LIBRARIES = YES;
				BUNDLE_LOADER = "$(TEST_HOST)";
				CODE_SIGN_STYLE = Automatic;
				DEVELOPMENT_TEAM = GQ92PTQY7M;
				INFOPLIST_FILE = CalculatorTests/Info.plist;
				LD_RUNPATH_SEARCH_PATHS = "$(inherited) @executable_path/Frameworks @loader_path/Frameworks";
				PRODUCT_BUNDLE_IDENTIFIER = com.mudriyilya.CalculatorTests;
				PRODUCT_NAME = "$(TARGET_NAME)";
				SWIFT_VERSION = 4.0;
				TARGETED_DEVICE_FAMILY = "1,2";
				TEST_HOST = "$(BUILT_PRODUCTS_DIR)/Calculator.app/Calculator";
			};
			name = Debug;
		};
		A21574281F8CE41B004A24AD /* Release */ = {
			isa = XCBuildConfiguration;
			buildSettings = {
				ALWAYS_EMBED_SWIFT_STANDARD_LIBRARIES = YES;
				BUNDLE_LOADER = "$(TEST_HOST)";
				CODE_SIGN_STYLE = Automatic;
				DEVELOPMENT_TEAM = GQ92PTQY7M;
				INFOPLIST_FILE = CalculatorTests/Info.plist;
				LD_RUNPATH_SEARCH_PATHS = "$(inherited) @executable_path/Frameworks @loader_path/Frameworks";
				PRODUCT_BUNDLE_IDENTIFIER = com.mudriyilya.CalculatorTests;
				PRODUCT_NAME = "$(TARGET_NAME)";
				SWIFT_VERSION = 4.0;
				TARGETED_DEVICE_FAMILY = "1,2";
				TEST_HOST = "$(BUILT_PRODUCTS_DIR)/Calculator.app/Calculator";
			};
			name = Release;
		};
		A215742A1F8CE41B004A24AD /* Debug */ = {
			isa = XCBuildConfiguration;
			buildSettings = {
				ALWAYS_EMBED_SWIFT_STANDARD_LIBRARIES = YES;
				CODE_SIGN_STYLE = Automatic;
				DEVELOPMENT_TEAM = GQ92PTQY7M;
				INFOPLIST_FILE = CalculatorUITests/Info.plist;
				LD_RUNPATH_SEARCH_PATHS = "$(inherited) @executable_path/Frameworks @loader_path/Frameworks";
				PRODUCT_BUNDLE_IDENTIFIER = com.mudriyilya.CalculatorUITests;
				PRODUCT_NAME = "$(TARGET_NAME)";
				SWIFT_VERSION = 4.0;
				TARGETED_DEVICE_FAMILY = "1,2";
				TEST_TARGET_NAME = Calculator;
			};
			name = Debug;
		};
		A215742B1F8CE41B004A24AD /* Release */ = {
			isa = XCBuildConfiguration;
			buildSettings = {
				ALWAYS_EMBED_SWIFT_STANDARD_LIBRARIES = YES;
				CODE_SIGN_STYLE = Automatic;
				DEVELOPMENT_TEAM = GQ92PTQY7M;
				INFOPLIST_FILE = CalculatorUITests/Info.plist;
				LD_RUNPATH_SEARCH_PATHS = "$(inherited) @executable_path/Frameworks @loader_path/Frameworks";
				PRODUCT_BUNDLE_IDENTIFIER = com.mudriyilya.CalculatorUITests;
				PRODUCT_NAME = "$(TARGET_NAME)";
				SWIFT_VERSION = 4.0;
				TARGETED_DEVICE_FAMILY = "1,2";
				TEST_TARGET_NAME = Calculator;
			};
			name = Release;
		};
/* End XCBuildConfiguration section */

/* Begin XCConfigurationList section */
		A21573F61F8CE41A004A24AD /* Build configuration list for PBXProject "Calculator" */ = {
			isa = XCConfigurationList;
			buildConfigurations = (
				A21574211F8CE41B004A24AD /* Debug */,
				A21574221F8CE41B004A24AD /* Release */,
			);
			defaultConfigurationIsVisible = 0;
			defaultConfigurationName = Release;
		};
		A21574231F8CE41B004A24AD /* Build configuration list for PBXNativeTarget "Calculator" */ = {
			isa = XCConfigurationList;
			buildConfigurations = (
				A21574241F8CE41B004A24AD /* Debug */,
				A21574251F8CE41B004A24AD /* Release */,
			);
			defaultConfigurationIsVisible = 0;
			defaultConfigurationName = Release;
		};
		A21574261F8CE41B004A24AD /* Build configuration list for PBXNativeTarget "CalculatorTests" */ = {
			isa = XCConfigurationList;
			buildConfigurations = (
				A21574271F8CE41B004A24AD /* Debug */,
				A21574281F8CE41B004A24AD /* Release */,
			);
			defaultConfigurationIsVisible = 0;
			defaultConfigurationName = Release;
		};
		A21574291F8CE41B004A24AD /* Build configuration list for PBXNativeTarget "CalculatorUITests" */ = {
			isa = XCConfigurationList;
			buildConfigurations = (
				A215742A1F8CE41B004A24AD /* Debug */,
				A215742B1F8CE41B004A24AD /* Release */,
			);
			defaultConfigurationIsVisible = 0;
			defaultConfigurationName = Release;
		};
/* End XCConfigurationList section */
	};
	rootObject = A21573F31F8CE41A004A24AD /* Project object */;
}
